
Microsoft Visual Studio Solution File, Format Version 12.00
# Visual Studio Version 17
VisualStudioVersion = 17.11.35222.181
MinimumVisualStudioVersion = 10.0.40219.1
Project("{9A19103F-16F7-4668-BE54-9A1E7A4F7556}") = "ExemploRabbitMQ.Producer", "ExemploRabbitMQ.Producer\ExemploRabbitMQ.Producer.csproj", "{F96936E1-480F-4CE3-B10A-250D134DB2C7}"
EndProject
Project("{FAE04EC0-301F-11D3-BF4B-00C04F79EFBC}") = "ExemploRabbitMQ.Consumer", "ExemploRabbitMQ.Consumer\ExemploRabbitMQ.Consumer.csproj", "{1241453F-8740-46EC-A287-52D941FCB6AA}"
EndProject
Global
	GlobalSection(SolutionConfigurationPlatforms) = preSolution
		Debug|Any CPU = Debug|Any CPU
		Release|Any CPU = Release|Any CPU
	EndGlobalSection
	GlobalSection(ProjectConfigurationPlatforms) = postSolution
		{F96936E1-480F-4CE3-B10A-250D134DB2C7}.Debug|Any CPU.ActiveCfg = Debug|Any CPU
		{F96936E1-480F-4CE3-B10A-250D134DB2C7}.Debug|Any CPU.Build.0 = Debug|Any CPU
		{F96936E1-480F-4CE3-B10A-250D134DB2C7}.Release|Any CPU.ActiveCfg = Release|Any CPU
		{F96936E1-480F-4CE3-B10A-250D134DB2C7}.Release|Any CPU.Build.0 = Release|Any CPU
		{1241453F-8740-46EC-A287-52D941FCB6AA}.Debug|Any CPU.ActiveCfg = Debug|Any CPU
		{1241453F-8740-46EC-A287-52D941FCB6AA}.Debug|Any CPU.Build.0 = Debug|Any CPU
		{1241453F-8740-46EC-A287-52D941FCB6AA}.Release|Any CPU.ActiveCfg = Release|Any CPU
		{1241453F-8740-46EC-A287-52D941FCB6AA}.Release|Any CPU.Build.0 = Release|Any CPU
	EndGlobalSection
	GlobalSection(SolutionProperties) = preSolution
		HideSolutionNode = FALSE
	EndGlobalSection
	GlobalSection(ExtensibilityGlobals) = postSolution
		SolutionGuid = {07EDD96C-9C80-48E0-8FC8-345164BE7997}
	EndGlobalSection
EndGlobal
